
Microsoft Visual Studio Solution File, Format Version 12.00
# Visual Studio Version 16
VisualStudioVersion = 16.0.32630.194
MinimumVisualStudioVersion = 10.0.40219.1
Project("{FAE04EC0-301F-11D3-BF4B-00C04F79EFBC}") = "Assignment1", "Assignment1\Assignment1.csproj", "{F00EE164-F633-44BE-BE7A-BD7C4B09F426}"
EndProject
Global
	GlobalSection(SolutionConfigurationPlatforms) = preSolution
		Debug|Any CPU = Debug|Any CPU
		Release|Any CPU = Release|Any CPU
	EndGlobalSection
	GlobalSection(ProjectConfigurationPlatforms) = postSolution
		{F00EE164-F633-44BE-BE7A-BD7C4B09F426}.Debug|Any CPU.ActiveCfg = Debug|Any CPU
		{F00EE164-F633-44BE-BE7A-BD7C4B09F426}.Debug|Any CPU.Build.0 = Debug|Any CPU
		{F00EE164-F633-44BE-BE7A-BD7C4B09F426}.Release|Any CPU.ActiveCfg = Release|Any CPU
		{F00EE164-F633-44BE-BE7A-BD7C4B09F426}.Release|Any CPU.Build.0 = Release|Any CPU
	EndGlobalSection
	GlobalSection(SolutionProperties) = preSolution
		HideSolutionNode = FALSE
	EndGlobalSection
	GlobalSection(ExtensibilityGlobals) = postSolution
		SolutionGuid = {2ADC9A62-098B-4EBA-8DE8-F2DA5819BCA8}
	EndGlobalSection
EndGlobal
